
Microsoft Visual Studio Solution File, Format Version 11.00
# Visual Studio 2010
Project("{FAE04EC0-301F-11D3-BF4B-00C04F79EFBC}") = "Assembly-CSharp", "Assembly-CSharp.csproj", "{A78C83D4-ACB9-6383-0170-82956475885D}"
EndProject
Project("{FAE04EC0-301F-11D3-BF4B-00C04F79EFBC}") = "Assembly-CSharp-Editor", "Assembly-CSharp-Editor.csproj", "{B824C767-C3D1-0041-6E7C-115D13B7E146}"
EndProject
Global
	GlobalSection(SolutionConfigurationPlatforms) = preSolution
		Debug|Any CPU = Debug|Any CPU
		Release|Any CPU = Release|Any CPU
	EndGlobalSection
	GlobalSection(ProjectConfigurationPlatforms) = postSolution
		{A78C83D4-ACB9-6383-0170-82956475885D}.Debug|Any CPU.ActiveCfg = Debug|Any CPU
		{A78C83D4-ACB9-6383-0170-82956475885D}.Debug|Any CPU.Build.0 = Debug|Any CPU
		{A78C83D4-ACB9-6383-0170-82956475885D}.Release|Any CPU.ActiveCfg = Release|Any CPU
		{A78C83D4-ACB9-6383-0170-82956475885D}.Release|Any CPU.Build.0 = Release|Any CPU
		{B824C767-C3D1-0041-6E7C-115D13B7E146}.Debug|Any CPU.ActiveCfg = Debug|Any CPU
		{B824C767-C3D1-0041-6E7C-115D13B7E146}.Debug|Any CPU.Build.0 = Debug|Any CPU
		{B824C767-C3D1-0041-6E7C-115D13B7E146}.Release|Any CPU.ActiveCfg = Release|Any CPU
		{B824C767-C3D1-0041-6E7C-115D13B7E146}.Release|Any CPU.Build.0 = Release|Any CPU
	EndGlobalSection
	GlobalSection(SolutionProperties) = preSolution
		HideSolutionNode = FALSE
	EndGlobalSection
	GlobalSection(MonoDevelopProperties) = preSolution
		StartupItem = Assembly-CSharp.csproj
	EndGlobalSection
EndGlobal
